github.com/FiruzMurodov/bank v0.0.0-20211003080939-d57a72fd871b h1:gJwZiIgMK9onKd7DaWrRgaHdsZOTBJ+m8wIQWbgwZsk=
github.com/FiruzMurodov/bank v0.0.0-20211003080939-d57a72fd871b/go.mod h1:kwIOF7fz93n/14C5dD/EuDPx76AQrIsgGyptK3KrbKM=
github.com/FiruzMurodov/bank v0.0.0-20211003110017-6138c31c93f9 h1:bJh2gQe+wpLDAXqZY7y/mlRQY39zOPhgzQJZ3brmKDk=
github.com/FiruzMurodov/bank v0.0.0-20211003110017-6138c31c93f9/go.mod h1:kwIOF7fz93n/14C5dD/EuDPx76AQrIsgGyptK3KrbKM=
